
Microsoft Visual Studio Solution File, Format Version 12.00
# Visual Studio 15
VisualStudioVersion = 15.0.26906.1
MinimumVisualStudioVersion = 10.0.40219.1
Project("{FAE04EC0-301F-11D3-BF4B-00C04F79EFBC}") = "Tests", "Tests\Tests.csproj", "{786CD0C5-8C27-4D68-AE72-CBD3CC8B1548}"
EndProject
Project("{FAE04EC0-301F-11D3-BF4B-00C04F79EFBC}") = "F2 Excercise 1", "F2 Excercise 1\F2 Excercise 1.csproj", "{6C42AB11-5AEF-40F1-BA52-3FC54F0A1787}"
EndProject
Project("{FAE04EC0-301F-11D3-BF4B-00C04F79EFBC}") = "F2 Excercise 2", "F2 Excercise 2\F2 Excercise 2.csproj", "{363A3F5D-F3CB-4EC0-A2AC-FBE0ED1BC8BE}"
EndProject
Global
	GlobalSection(SolutionConfigurationPlatforms) = preSolution
		Debug|Any CPU = Debug|Any CPU
		Release|Any CPU = Release|Any CPU
	EndGlobalSection
	GlobalSection(ProjectConfigurationPlatforms) = postSolution
		{786CD0C5-8C27-4D68-AE72-CBD3CC8B1548}.Debug|Any CPU.ActiveCfg = Debug|Any CPU
		{786CD0C5-8C27-4D68-AE72-CBD3CC8B1548}.Debug|Any CPU.Build.0 = Debug|Any CPU
		{786CD0C5-8C27-4D68-AE72-CBD3CC8B1548}.Release|Any CPU.ActiveCfg = Release|Any CPU
		{786CD0C5-8C27-4D68-AE72-CBD3CC8B1548}.Release|Any CPU.Build.0 = Release|Any CPU
		{6C42AB11-5AEF-40F1-BA52-3FC54F0A1787}.Debug|Any CPU.ActiveCfg = Debug|Any CPU
		{6C42AB11-5AEF-40F1-BA52-3FC54F0A1787}.Debug|Any CPU.Build.0 = Debug|Any CPU
		{6C42AB11-5AEF-40F1-BA52-3FC54F0A1787}.Release|Any CPU.ActiveCfg = Release|Any CPU
		{6C42AB11-5AEF-40F1-BA52-3FC54F0A1787}.Release|Any CPU.Build.0 = Release|Any CPU
		{363A3F5D-F3CB-4EC0-A2AC-FBE0ED1BC8BE}.Debug|Any CPU.ActiveCfg = Debug|Any CPU
		{363A3F5D-F3CB-4EC0-A2AC-FBE0ED1BC8BE}.Debug|Any CPU.Build.0 = Debug|Any CPU
		{363A3F5D-F3CB-4EC0-A2AC-FBE0ED1BC8BE}.Release|Any CPU.ActiveCfg = Release|Any CPU
		{363A3F5D-F3CB-4EC0-A2AC-FBE0ED1BC8BE}.Release|Any CPU.Build.0 = Release|Any CPU
	EndGlobalSection
	GlobalSection(SolutionProperties) = preSolution
		HideSolutionNode = FALSE
	EndGlobalSection
	GlobalSection(ExtensibilityGlobals) = postSolution
		SolutionGuid = {F151B805-FE0B-4D93-A049-D78B82C23384}
	EndGlobalSection
EndGlobal
