
Microsoft Visual Studio Solution File, Format Version 12.00
# Visual Studio 15
VisualStudioVersion = 15.0.26906.1
MinimumVisualStudioVersion = 10.0.40219.1
Project("{FAE04EC0-301F-11D3-BF4B-00C04F79EFBC}") = "Tests", "Tests\Tests.csproj", "{786CD0C5-8C27-4D68-AE72-CBD3CC8B1548}"
EndProject
Project("{FAE04EC0-301F-11D3-BF4B-00C04F79EFBC}") = "F2 Excercise 1", "F2 Excercise 1\F2 Excercise 1.csproj", "{6C42AB11-5AEF-40F1-BA52-3FC54F0A1787}"
EndProject
Project("{FAE04EC0-301F-11D3-BF4B-00C04F79EFBC}") = "F2 Excercise 2", "F2 Excercise 2\F2 Excercise 2.csproj", "{363A3F5D-F3CB-4EC0-A2AC-FBE0ED1BC8BE}"
EndProject
Project("{FAE04EC0-301F-11D3-BF4B-00C04F79EFBC}") = "F3 Excercise 1", "F3 Excercise 1\F3 Excercise 1.csproj", "{C7521ACA-A16F-4387-A5DA-723CD8BAD74B}"
EndProject
Project("{2150E333-8FDC-42A3-9474-1A3956D46DE8}") = "Solutions Excercises F2", "Solutions Excercises F2", "{98D6C30D-44F3-48BF-91D9-627DD56FF5C7}"
EndProject
Project("{FAE04EC0-301F-11D3-BF4B-00C04F79EFBC}") = "Calculator", "Calculator\Calculator.csproj", "{2EC3CEB0-4611-456B-B525-357E842288F4}"
EndProject
Project("{FAE04EC0-301F-11D3-BF4B-00C04F79EFBC}") = "RovarSprak", "RovarSprak\RovarSprak.csproj", "{8F1ED001-6739-4822-AEDC-CF0FCC3188B7}"
EndProject
Project("{FAE04EC0-301F-11D3-BF4B-00C04F79EFBC}") = "Primtal", "Primtal\Primtal.csproj", "{37D9FE75-B0AE-4D6C-9F7D-5BEC54F1A970}"
EndProject
Project("{2150E333-8FDC-42A3-9474-1A3956D46DE8}") = "Solutions Excercises F3", "Solutions Excercises F3", "{5B6C9F14-0062-404E-9BD2-3F4FBFAFCB3F}"
EndProject
Project("{FAE04EC0-301F-11D3-BF4B-00C04F79EFBC}") = "F3Game", "F3Game\F3Game.csproj", "{31F14043-E808-4A9E-ABE1-FE8987647B1A}"
EndProject
Project("{FAE04EC0-301F-11D3-BF4B-00C04F79EFBC}") = "F3Method", "F3Method\F3Method.csproj", "{1817CB3A-3A1C-4AAD-975D-E64508D31CC6}"
EndProject
Project("{2150E333-8FDC-42A3-9474-1A3956D46DE8}") = "Solutions Pairprogramming 2", "Solutions Pairprogramming 2", "{BD66927E-BACF-490F-B833-9EFAC302669E}"
EndProject
Project("{FAE04EC0-301F-11D3-BF4B-00C04F79EFBC}") = "CardGame", "CardGame\CardGame.csproj", "{E1185EB7-CED2-416C-A0D7-B94AB43C5426}"
EndProject
Global
	GlobalSection(SolutionConfigurationPlatforms) = preSolution
		Debug|Any CPU = Debug|Any CPU
		Release|Any CPU = Release|Any CPU
	EndGlobalSection
	GlobalSection(ProjectConfigurationPlatforms) = postSolution
		{786CD0C5-8C27-4D68-AE72-CBD3CC8B1548}.Debug|Any CPU.ActiveCfg = Debug|Any CPU
		{786CD0C5-8C27-4D68-AE72-CBD3CC8B1548}.Debug|Any CPU.Build.0 = Debug|Any CPU
		{786CD0C5-8C27-4D68-AE72-CBD3CC8B1548}.Release|Any CPU.ActiveCfg = Release|Any CPU
		{786CD0C5-8C27-4D68-AE72-CBD3CC8B1548}.Release|Any CPU.Build.0 = Release|Any CPU
		{6C42AB11-5AEF-40F1-BA52-3FC54F0A1787}.Debug|Any CPU.ActiveCfg = Debug|Any CPU
		{6C42AB11-5AEF-40F1-BA52-3FC54F0A1787}.Debug|Any CPU.Build.0 = Debug|Any CPU
		{6C42AB11-5AEF-40F1-BA52-3FC54F0A1787}.Release|Any CPU.ActiveCfg = Release|Any CPU
		{6C42AB11-5AEF-40F1-BA52-3FC54F0A1787}.Release|Any CPU.Build.0 = Release|Any CPU
		{363A3F5D-F3CB-4EC0-A2AC-FBE0ED1BC8BE}.Debug|Any CPU.ActiveCfg = Debug|Any CPU
		{363A3F5D-F3CB-4EC0-A2AC-FBE0ED1BC8BE}.Debug|Any CPU.Build.0 = Debug|Any CPU
		{363A3F5D-F3CB-4EC0-A2AC-FBE0ED1BC8BE}.Release|Any CPU.ActiveCfg = Release|Any CPU
		{363A3F5D-F3CB-4EC0-A2AC-FBE0ED1BC8BE}.Release|Any CPU.Build.0 = Release|Any CPU
		{C7521ACA-A16F-4387-A5DA-723CD8BAD74B}.Debug|Any CPU.ActiveCfg = Debug|Any CPU
		{C7521ACA-A16F-4387-A5DA-723CD8BAD74B}.Debug|Any CPU.Build.0 = Debug|Any CPU
		{C7521ACA-A16F-4387-A5DA-723CD8BAD74B}.Release|Any CPU.ActiveCfg = Release|Any CPU
		{C7521ACA-A16F-4387-A5DA-723CD8BAD74B}.Release|Any CPU.Build.0 = Release|Any CPU
		{2EC3CEB0-4611-456B-B525-357E842288F4}.Debug|Any CPU.ActiveCfg = Debug|Any CPU
		{2EC3CEB0-4611-456B-B525-357E842288F4}.Debug|Any CPU.Build.0 = Debug|Any CPU
		{2EC3CEB0-4611-456B-B525-357E842288F4}.Release|Any CPU.ActiveCfg = Release|Any CPU
		{2EC3CEB0-4611-456B-B525-357E842288F4}.Release|Any CPU.Build.0 = Release|Any CPU
		{8F1ED001-6739-4822-AEDC-CF0FCC3188B7}.Debug|Any CPU.ActiveCfg = Debug|Any CPU
		{8F1ED001-6739-4822-AEDC-CF0FCC3188B7}.Debug|Any CPU.Build.0 = Debug|Any CPU
		{8F1ED001-6739-4822-AEDC-CF0FCC3188B7}.Release|Any CPU.ActiveCfg = Release|Any CPU
		{8F1ED001-6739-4822-AEDC-CF0FCC3188B7}.Release|Any CPU.Build.0 = Release|Any CPU
		{37D9FE75-B0AE-4D6C-9F7D-5BEC54F1A970}.Debug|Any CPU.ActiveCfg = Debug|Any CPU
		{37D9FE75-B0AE-4D6C-9F7D-5BEC54F1A970}.Debug|Any CPU.Build.0 = Debug|Any CPU
		{37D9FE75-B0AE-4D6C-9F7D-5BEC54F1A970}.Release|Any CPU.ActiveCfg = Release|Any CPU
		{37D9FE75-B0AE-4D6C-9F7D-5BEC54F1A970}.Release|Any CPU.Build.0 = Release|Any CPU
		{31F14043-E808-4A9E-ABE1-FE8987647B1A}.Debug|Any CPU.ActiveCfg = Debug|Any CPU
		{31F14043-E808-4A9E-ABE1-FE8987647B1A}.Debug|Any CPU.Build.0 = Debug|Any CPU
		{31F14043-E808-4A9E-ABE1-FE8987647B1A}.Release|Any CPU.ActiveCfg = Release|Any CPU
		{31F14043-E808-4A9E-ABE1-FE8987647B1A}.Release|Any CPU.Build.0 = Release|Any CPU
		{1817CB3A-3A1C-4AAD-975D-E64508D31CC6}.Debug|Any CPU.ActiveCfg = Debug|Any CPU
		{1817CB3A-3A1C-4AAD-975D-E64508D31CC6}.Debug|Any CPU.Build.0 = Debug|Any CPU
		{1817CB3A-3A1C-4AAD-975D-E64508D31CC6}.Release|Any CPU.ActiveCfg = Release|Any CPU
		{1817CB3A-3A1C-4AAD-975D-E64508D31CC6}.Release|Any CPU.Build.0 = Release|Any CPU
		{E1185EB7-CED2-416C-A0D7-B94AB43C5426}.Debug|Any CPU.ActiveCfg = Debug|Any CPU
		{E1185EB7-CED2-416C-A0D7-B94AB43C5426}.Debug|Any CPU.Build.0 = Debug|Any CPU
		{E1185EB7-CED2-416C-A0D7-B94AB43C5426}.Release|Any CPU.ActiveCfg = Release|Any CPU
		{E1185EB7-CED2-416C-A0D7-B94AB43C5426}.Release|Any CPU.Build.0 = Release|Any CPU
	EndGlobalSection
	GlobalSection(SolutionProperties) = preSolution
		HideSolutionNode = FALSE
	EndGlobalSection
	GlobalSection(NestedProjects) = preSolution
		{2EC3CEB0-4611-456B-B525-357E842288F4} = {98D6C30D-44F3-48BF-91D9-627DD56FF5C7}
		{8F1ED001-6739-4822-AEDC-CF0FCC3188B7} = {98D6C30D-44F3-48BF-91D9-627DD56FF5C7}
		{37D9FE75-B0AE-4D6C-9F7D-5BEC54F1A970} = {98D6C30D-44F3-48BF-91D9-627DD56FF5C7}
		{31F14043-E808-4A9E-ABE1-FE8987647B1A} = {5B6C9F14-0062-404E-9BD2-3F4FBFAFCB3F}
		{1817CB3A-3A1C-4AAD-975D-E64508D31CC6} = {5B6C9F14-0062-404E-9BD2-3F4FBFAFCB3F}
		{E1185EB7-CED2-416C-A0D7-B94AB43C5426} = {BD66927E-BACF-490F-B833-9EFAC302669E}
	EndGlobalSection
	GlobalSection(ExtensibilityGlobals) = postSolution
		SolutionGuid = {F151B805-FE0B-4D93-A049-D78B82C23384}
	EndGlobalSection
EndGlobal
